// !$*UTF8*$!
{
	archiveVersion = 1;
	classes = {
	};
	objectVersion = 54;
	objects = {

/* Begin PBXAggregateTarget section */
		7C5E91DEE6EF8791E9EB538C /* Qt Preprocess */ = {
			isa = PBXAggregateTarget;
			buildConfigurationList = 6CC3B5D2136C7CD6A5CF5A59 /* Build configuration list for PBXNativeTarget "Pilorama" */;
			buildPhases = (
				5E618435888B9D49F8540165 /* Qt Qmake */,
				7EF0942E79C014DCEC8976BC /* Qt Preprocessors */,
			);
			dependencies = (
			);
			name = "Qt Preprocess";
			productName = "Qt Preprocess";
		};
/* End PBXAggregateTarget section */

/* Begin PBXBuildFile section */
		46BFB04EDDED14501585372A /* qrc_qml.cpp in Compile Sources */ = {isa = PBXBuildFile; fileRef = BD6A74DB23D400EC298FB2BC /* qrc_qml.cpp */; settings = {ATTRIBUTES = (); }; };
		66040A22EC30288D805C8DCA /* moc_piloramatimer.cpp in Compile Sources */ = {isa = PBXBuildFile; fileRef = B81F6BA3785367CBFF520B64 /* moc_piloramatimer.cpp */; settings = {ATTRIBUTES = (); }; };
		750F7DADE3A2F60C57283E72 /* appnap.mm in Compile Sources */ = {isa = PBXBuildFile; fileRef = 65A16B4BE4E379DACE70660D /* appnap.mm */; settings = {ATTRIBUTES = (); }; };
		8F6BEF3B253F7515006DD390 /* Images.xcassets in Copy Bundle Resources */ = {isa = PBXBuildFile; fileRef = 8F6BEF3A253F7515006DD390 /* Images.xcassets */; };
		8F6BEF5D253F770A006DD390 /* AGL.framework in Link Binary With Libraries */ = {isa = PBXBuildFile; fileRef = 8D9815BDB5BD9F90D2BC05C5 /* AGL.framework */; };
		8F6BEF5F253F770A006DD390 /* AppKit.framework in Link Binary With Libraries */ = {isa = PBXBuildFile; fileRef = 723F90793B2C195E2CCB2233 /* AppKit.framework */; };
		8F6BEF61253F770A006DD390 /* DiskArbitration.framework in Link Binary With Libraries */ = {isa = PBXBuildFile; fileRef = 2B774D8E4178765CE52EAAF5 /* DiskArbitration.framework */; };
		8F6BEF63253F770A006DD390 /* Foundation.framework in Link Binary With Libraries */ = {isa = PBXBuildFile; fileRef = FCC237CA5AD60B9BA4447615 /* Foundation.framework */; };
		8F6BEF65253F770A006DD390 /* IOKit.framework in Link Binary With Libraries */ = {isa = PBXBuildFile; fileRef = A1A67BEAA744704B29168D39 /* IOKit.framework */; };
		8F6BEF67253F770A006DD390 /* Metal.framework in Link Binary With Libraries */ = {isa = PBXBuildFile; fileRef = 1B2543FCC48E9436F21C4F63 /* Metal.framework */; };
		8F6BEF69253F770B006DD390 /* OpenGL.framework in Link Binary With Libraries */ = {isa = PBXBuildFile; fileRef = D4B32C2222F82AC56BADEB21 /* OpenGL.framework */; };
		8F6BEF6B253F770B006DD390 /* QtCore.framework in Link Binary With Libraries */ = {isa = PBXBuildFile; fileRef = 69FB1C4D217A277E85A8E495 /* QtCore.framework */; };
		8F6BEF6D253F770B006DD390 /* QtGui.framework in Link Binary With Libraries */ = {isa = PBXBuildFile; fileRef = 174DB9E0274D153913EC24A2 /* QtGui.framework */; };
		8F6BEF6F253F770B006DD390 /* QtNetwork.framework in Link Binary With Libraries */ = {isa = PBXBuildFile; fileRef = A38FA75037D530B67030050A /* QtNetwork.framework */; };
		8F6BEF71253F770B006DD390 /* QtQml.framework in Link Binary With Libraries */ = {isa = PBXBuildFile; fileRef = AD6E2F727B095C90F78255FD /* QtQml.framework */; };
		8F6BEF73253F770B006DD390 /* QtQmlModels.framework in Link Binary With Libraries */ = {isa = PBXBuildFile; fileRef = 9B8971BD19A189DBC112F766 /* QtQmlModels.framework */; };
		8F6BEF75253F770B006DD390 /* QtQuick.framework in Link Binary With Libraries */ = {isa = PBXBuildFile; fileRef = 6B63B4E582B3941C2E870BBD /* QtQuick.framework */; };
		8F6BEF77253F770B006DD390 /* QtSvg.framework in Link Binary With Libraries */ = {isa = PBXBuildFile; fileRef = 028D9D55F7575CD0C087D430 /* QtSvg.framework */; };
		8F6BEF79253F770B006DD390 /* QtWidgets.framework in Link Binary With Libraries */ = {isa = PBXBuildFile; fileRef = D6B6077BE3C34630BC64545F /* QtWidgets.framework */; };
		8F6BEF7B253F770B006DD390 /* QtXml.framework in Link Binary With Libraries */ = {isa = PBXBuildFile; fileRef = 19534E57A099A878249A6CE5 /* QtXml.framework */; };
		ADFB5B7701B21CEB2AB781B2 /* main.cpp in Compile Sources */ = {isa = PBXBuildFile; fileRef = 732F1FE8E6B9EF83E014FD87 /* main.cpp */; settings = {ATTRIBUTES = (); }; };
		D98994786ED9E991256426DC /* piloramatimer.cpp in Compile Sources */ = {isa = PBXBuildFile; fileRef = E59A3CAFD3C25E072A32E299 /* piloramatimer.cpp */; settings = {ATTRIBUTES = (); }; };
		E9AEB7EE403CEC390347A52C /* trayimageprovider.cpp in Compile Sources */ = {isa = PBXBuildFile; fileRef = 8379E43A30E9843F989B03CB /* trayimageprovider.cpp */; settings = {ATTRIBUTES = (); }; };
		FEAEA84BA5E5F3C98128EF85 /* dummy.cpp in Compile Sources */ = {isa = PBXBuildFile; fileRef = B0DE439969A3F8EBFFADFE8C /* dummy.cpp */; settings = {ATTRIBUTES = (); }; };
/* End PBXBuildFile section */

/* Begin PBXContainerItemProxy section */
		8F5896CF253F724C007C30FA /* PBXContainerItemProxy */ = {
			isa = PBXContainerItemProxy;
			containerPortal = 6DB9C3763D02B1415CD9D565 /* Project object */;
			proxyType = 1;
			remoteGlobalIDString = 7C5E91DEE6EF8791E9EB538C;
			remoteInfo = "Qt Preprocess";
		};
/* End PBXContainerItemProxy section */

/* Begin PBXFileReference section */
		028D9D55F7575CD0C087D430 /* QtSvg.framework */ = {isa = PBXFileReference; lastKnownFileType = wrapper.framework; name = QtSvg.framework; path = /Users/evgenijplatonov/bin/Qt/5.15.1/clang_64/lib/QtSvg.framework; sourceTree = "<absolute>"; };
		174939CCCBEB40CB801CF0E3 /* piloramatimer.h */ = {isa = PBXFileReference; lastKnownFileType = sourcecode.c.h; name = piloramatimer.h; path = "/Users/evgenijplatonov/programming/personal/qml-timer/qml-timer/src/piloramatimer.h"; sourceTree = "<absolute>"; };
		174DB9E0274D153913EC24A2 /* QtGui.framework */ = {isa = PBXFileReference; lastKnownFileType = wrapper.framework; name = QtGui.framework; path = /Users/evgenijplatonov/bin/Qt/5.15.1/clang_64/lib/QtGui.framework; sourceTree = "<absolute>"; };
		19534E57A099A878249A6CE5 /* QtXml.framework */ = {isa = PBXFileReference; lastKnownFileType = wrapper.framework; name = QtXml.framework; path = /Users/evgenijplatonov/bin/Qt/5.15.1/clang_64/lib/QtXml.framework; sourceTree = "<absolute>"; };
		1B2543FCC48E9436F21C4F63 /* Metal.framework */ = {isa = PBXFileReference; lastKnownFileType = wrapper.framework; name = Metal.framework; path = /System/Library/Frameworks/Metal.framework; sourceTree = "<absolute>"; };
		2B774D8E4178765CE52EAAF5 /* DiskArbitration.framework */ = {isa = PBXFileReference; lastKnownFileType = wrapper.framework; name = DiskArbitration.framework; path = /System/Library/Frameworks/DiskArbitration.framework; sourceTree = "<absolute>"; };
		65A16B4BE4E379DACE70660D /* appnap.mm */ = {isa = PBXFileReference; lastKnownFileType = sourcecode.cpp.objcpp; name = appnap.mm; path = "/Users/evgenijplatonov/programming/personal/qml-timer/qml-timer/src/mac/appnap.mm"; sourceTree = "<absolute>"; };
		69FB1C4D217A277E85A8E495 /* QtCore.framework */ = {isa = PBXFileReference; lastKnownFileType = wrapper.framework; name = QtCore.framework; path = /Users/evgenijplatonov/bin/Qt/5.15.1/clang_64/lib/QtCore.framework; sourceTree = "<absolute>"; };
		6B63B4E582B3941C2E870BBD /* QtQuick.framework */ = {isa = PBXFileReference; lastKnownFileType = wrapper.framework; name = QtQuick.framework; path = /Users/evgenijplatonov/bin/Qt/5.15.1/clang_64/lib/QtQuick.framework; sourceTree = "<absolute>"; };
		723F90793B2C195E2CCB2233 /* AppKit.framework */ = {isa = PBXFileReference; lastKnownFileType = wrapper.framework; name = AppKit.framework; path = /System/Library/Frameworks/AppKit.framework; sourceTree = "<absolute>"; };
		732F1FE8E6B9EF83E014FD87 /* main.cpp */ = {isa = PBXFileReference; lastKnownFileType = sourcecode.cpp.cpp; name = main.cpp; path = "/Users/evgenijplatonov/programming/personal/qml-timer/qml-timer/src/main.cpp"; sourceTree = "<absolute>"; };
		8379E43A30E9843F989B03CB /* trayimageprovider.cpp */ = {isa = PBXFileReference; lastKnownFileType = sourcecode.cpp.cpp; name = trayimageprovider.cpp; path = "/Users/evgenijplatonov/programming/personal/qml-timer/qml-timer/src/trayimageprovider.cpp"; sourceTree = "<absolute>"; };
		8D9815BDB5BD9F90D2BC05C5 /* AGL.framework */ = {isa = PBXFileReference; lastKnownFileType = wrapper.framework; name = AGL.framework; path = /System/Library/Frameworks/AGL.framework; sourceTree = "<absolute>"; };
		8F6BEF39253F746C006DD390 /* Pilorama.entitlements */ = {isa = PBXFileReference; lastKnownFileType = text.plist.entitlements; path = Pilorama.entitlements; sourceTree = "<group>"; };
		8F6BEF3A253F7515006DD390 /* Images.xcassets */ = {isa = PBXFileReference; lastKnownFileType = folder.assetcatalog; name = Images.xcassets; path = Pilorama/Images.xcassets; sourceTree = "<group>"; };
		8F6BEF7E253F7742006DD390 /* PiloramaRelease.entitlements */ = {isa = PBXFileReference; lastKnownFileType = text.plist.entitlements; name = PiloramaRelease.entitlements; path = Pilorama/PiloramaRelease.entitlements; sourceTree = "<group>"; };
		9B8971BD19A189DBC112F766 /* QtQmlModels.framework */ = {isa = PBXFileReference; lastKnownFileType = wrapper.framework; name = QtQmlModels.framework; path = /Users/evgenijplatonov/bin/Qt/5.15.1/clang_64/lib/QtQmlModels.framework; sourceTree = "<absolute>"; };
		9BA91FEAE81EA52FDEBE9043 /* pilorama.pro */ = {isa = PBXFileReference; lastKnownFileType = text; name = pilorama.pro; path = "/Users/evgenijplatonov/programming/personal/qml-timer/qml-timer/macos/pilorama.pro"; sourceTree = "<absolute>"; };
		A1A67BEAA744704B29168D39 /* IOKit.framework */ = {isa = PBXFileReference; lastKnownFileType = wrapper.framework; name = IOKit.framework; path = /System/Library/Frameworks/IOKit.framework; sourceTree = "<absolute>"; };
		A352C76444A1E32CBF4967B1 /* qml.qrc */ = {isa = PBXFileReference; lastKnownFileType = text; name = qml.qrc; path = "/Users/evgenijplatonov/programming/personal/qml-timer/qml-timer/src/qml.qrc"; sourceTree = "<absolute>"; };
		A38FA75037D530B67030050A /* QtNetwork.framework */ = {isa = PBXFileReference; lastKnownFileType = wrapper.framework; name = QtNetwork.framework; path = /Users/evgenijplatonov/bin/Qt/5.15.1/clang_64/lib/QtNetwork.framework; sourceTree = "<absolute>"; };
		AC29FCE4D358C03541E097D3 /* .qmake.stash */ = {isa = PBXFileReference; lastKnownFileType = text; name = .qmake.stash; path = "/Users/evgenijplatonov/programming/personal/qml-timer/qml-timer/.qmake.stash"; sourceTree = "<absolute>"; };
		AD6E2F727B095C90F78255FD /* QtQml.framework */ = {isa = PBXFileReference; lastKnownFileType = wrapper.framework; name = QtQml.framework; path = /Users/evgenijplatonov/bin/Qt/5.15.1/clang_64/lib/QtQml.framework; sourceTree = "<absolute>"; };
		B0DE439969A3F8EBFFADFE8C /* dummy.cpp */ = {isa = PBXFileReference; lastKnownFileType = sourcecode.cpp.cpp; name = dummy.cpp; path = /Users/evgenijplatonov/bin/Qt/5.15.1/clang_64/mkspecs/features/data/dummy.cpp; sourceTree = "<absolute>"; };
		B81F6BA3785367CBFF520B64 /* moc_piloramatimer.cpp */ = {isa = PBXFileReference; lastKnownFileType = sourcecode.cpp.cpp; name = moc_piloramatimer.cpp; path = "/Users/evgenijplatonov/programming/personal/qml-timer/qml-timer/macos/moc_piloramatimer.cpp"; sourceTree = "<absolute>"; };
		BD6A74DB23D400EC298FB2BC /* qrc_qml.cpp */ = {isa = PBXFileReference; lastKnownFileType = sourcecode.cpp.cpp; name = qrc_qml.cpp; path = "/Users/evgenijplatonov/programming/personal/qml-timer/qml-timer/macos/qrc_qml.cpp"; sourceTree = "<absolute>"; };
		CC0BE537EFDBF78BFFBDC5CE /* pilorama.pro */ = {isa = PBXFileReference; lastKnownFileType = text; name = pilorama.pro; path = "/Users/evgenijplatonov/programming/personal/qml-timer/qml-timer/src/pilorama.pro"; sourceTree = "<absolute>"; };
		CF48F04D71AEB945D6D24DA2 /* trayimageprovider.h */ = {isa = PBXFileReference; lastKnownFileType = sourcecode.c.h; name = trayimageprovider.h; path = "/Users/evgenijplatonov/programming/personal/qml-timer/qml-timer/src/trayimageprovider.h"; sourceTree = "<absolute>"; };
		D4B32C2222F82AC56BADEB21 /* OpenGL.framework */ = {isa = PBXFileReference; lastKnownFileType = wrapper.framework; name = OpenGL.framework; path = /System/Library/Frameworks/OpenGL.framework; sourceTree = "<absolute>"; };
		D6B6077BE3C34630BC64545F /* QtWidgets.framework */ = {isa = PBXFileReference; lastKnownFileType = wrapper.framework; name = QtWidgets.framework; path = /Users/evgenijplatonov/bin/Qt/5.15.1/clang_64/lib/QtWidgets.framework; sourceTree = "<absolute>"; };
		D9BC5C5127BD1D34B52D8C61 /* Pilorama.app */ = {isa = PBXFileReference; explicitFileType = wrapper.application; includeInIndex = 0; path = Pilorama.app; sourceTree = BUILT_PRODUCTS_DIR; };
		E59A3CAFD3C25E072A32E299 /* piloramatimer.cpp */ = {isa = PBXFileReference; lastKnownFileType = sourcecode.cpp.cpp; name = piloramatimer.cpp; path = "/Users/evgenijplatonov/programming/personal/qml-timer/qml-timer/src/piloramatimer.cpp"; sourceTree = "<absolute>"; };
		FADA5BFF852EFDDE810EE19B /* icon.icns */ = {isa = PBXFileReference; lastKnownFileType = file; name = icon.icns; path = "/Users/evgenijplatonov/programming/personal/qml-timer/qml-timer/macos/assets/app_icons/icon.icns"; sourceTree = "<absolute>"; };
		FCC237CA5AD60B9BA4447615 /* Foundation.framework */ = {isa = PBXFileReference; lastKnownFileType = wrapper.framework; name = Foundation.framework; path = /System/Library/Frameworks/Foundation.framework; sourceTree = "<absolute>"; };
/* End PBXFileReference section */

/* Begin PBXFrameworksBuildPhase section */
		D1C883685E82D5676953459A /* Link Binary With Libraries */ = {
			isa = PBXFrameworksBuildPhase;
			buildActionMask = 2147483647;
			files = (
				8F6BEF77253F770B006DD390 /* QtSvg.framework in Link Binary With Libraries */,
				8F6BEF7B253F770B006DD390 /* QtXml.framework in Link Binary With Libraries */,
				8F6BEF69253F770B006DD390 /* OpenGL.framework in Link Binary With Libraries */,
				8F6BEF5F253F770A006DD390 /* AppKit.framework in Link Binary With Libraries */,
				8F6BEF73253F770B006DD390 /* QtQmlModels.framework in Link Binary With Libraries */,
				8F6BEF6D253F770B006DD390 /* QtGui.framework in Link Binary With Libraries */,
				8F6BEF63253F770A006DD390 /* Foundation.framework in Link Binary With Libraries */,
				8F6BEF65253F770A006DD390 /* IOKit.framework in Link Binary With Libraries */,
				8F6BEF6B253F770B006DD390 /* QtCore.framework in Link Binary With Libraries */,
				8F6BEF71253F770B006DD390 /* QtQml.framework in Link Binary With Libraries */,
				8F6BEF5D253F770A006DD390 /* AGL.framework in Link Binary With Libraries */,
				8F6BEF79253F770B006DD390 /* QtWidgets.framework in Link Binary With Libraries */,
				8F6BEF67253F770A006DD390 /* Metal.framework in Link Binary With Libraries */,
				8F6BEF6F253F770B006DD390 /* QtNetwork.framework in Link Binary With Libraries */,
				8F6BEF61253F770A006DD390 /* DiskArbitration.framework in Link Binary With Libraries */,
				8F6BEF75253F770B006DD390 /* QtQuick.framework in Link Binary With Libraries */,
			);
			name = "Link Binary With Libraries";
			runOnlyForDeploymentPostprocessing = 0;
		};
/* End PBXFrameworksBuildPhase section */

/* Begin PBXGroup section */
		25B08E2869634E9BCBA333A2 /* Generated Sources */ = {
			isa = PBXGroup;
			children = (
				BD6A74DB23D400EC298FB2BC /* qrc_qml.cpp */,
				B81F6BA3785367CBFF520B64 /* moc_piloramatimer.cpp */,
			);
			name = "Generated Sources";
			sourceTree = "<group>";
		};
		2EB56BE3C2D93CDAB0C52E67 /* Sources */ = {
			isa = PBXGroup;
			children = (
				732F1FE8E6B9EF83E014FD87 /* main.cpp */,
				E59A3CAFD3C25E072A32E299 /* piloramatimer.cpp */,
				8379E43A30E9843F989B03CB /* trayimageprovider.cpp */,
				5AF61CE04FC3E5728FB4CE68 /* mac */,
				EA0B69EA46956A37AAD823FB /* assets */,
				174939CCCBEB40CB801CF0E3 /* piloramatimer.h */,
				CF48F04D71AEB945D6D24DA2 /* trayimageprovider.h */,
			);
			name = Sources;
			sourceTree = "<group>";
		};
		5AF61CE04FC3E5728FB4CE68 /* mac */ = {
			isa = PBXGroup;
			children = (
				65A16B4BE4E379DACE70660D /* appnap.mm */,
			);
			name = mac;
			sourceTree = "<group>";
		};
		74B182DB50CB5611B5C1C297 /* Supporting Files */ = {
			isa = PBXGroup;
			children = (
				9BA91FEAE81EA52FDEBE9043 /* pilorama.pro */,
				AC29FCE4D358C03541E097D3 /* .qmake.stash */,
				CC0BE537EFDBF78BFFBDC5CE /* pilorama.pro */,
			);
			name = "Supporting Files";
			sourceTree = "<group>";
		};
		87DF60DE337FB58864343E39 /* Resources */ = {
			isa = PBXGroup;
			children = (
				8F6BEF3A253F7515006DD390 /* Images.xcassets */,
				A352C76444A1E32CBF4967B1 /* qml.qrc */,
			);
			name = Resources;
			sourceTree = "<group>";
		};
		AF39DD055C3EF8226FBE929D /* Frameworks */ = {
			isa = PBXGroup;
			children = (
				FCC237CA5AD60B9BA4447615 /* Foundation.framework */,
				6B63B4E582B3941C2E870BBD /* QtQuick.framework */,
				028D9D55F7575CD0C087D430 /* QtSvg.framework */,
				D6B6077BE3C34630BC64545F /* QtWidgets.framework */,
				174DB9E0274D153913EC24A2 /* QtGui.framework */,
				723F90793B2C195E2CCB2233 /* AppKit.framework */,
				1B2543FCC48E9436F21C4F63 /* Metal.framework */,
				9B8971BD19A189DBC112F766 /* QtQmlModels.framework */,
				AD6E2F727B095C90F78255FD /* QtQml.framework */,
				A38FA75037D530B67030050A /* QtNetwork.framework */,
				19534E57A099A878249A6CE5 /* QtXml.framework */,
				69FB1C4D217A277E85A8E495 /* QtCore.framework */,
				2B774D8E4178765CE52EAAF5 /* DiskArbitration.framework */,
				A1A67BEAA744704B29168D39 /* IOKit.framework */,
				D4B32C2222F82AC56BADEB21 /* OpenGL.framework */,
				8D9815BDB5BD9F90D2BC05C5 /* AGL.framework */,
			);
			name = Frameworks;
			sourceTree = "<group>";
		};
		B677A8E4299BDE59AA9216A3 /* app_icons */ = {
			isa = PBXGroup;
			children = (
				FADA5BFF852EFDDE810EE19B /* icon.icns */,
			);
			name = app_icons;
			sourceTree = "<group>";
		};
		B8254625CFD509ED2A24A166 /* Sources [moc_predefs] */ = {
			isa = PBXGroup;
			children = (
				B0DE439969A3F8EBFFADFE8C /* dummy.cpp */,
			);
			name = "Sources [moc_predefs]";
			sourceTree = "<group>";
		};
		E8C543AB96796ECAA2E65C57 /* Pilorama */ = {
			isa = PBXGroup;
			children = (
				8F6BEF7E253F7742006DD390 /* PiloramaRelease.entitlements */,
				8F6BEF39253F746C006DD390 /* Pilorama.entitlements */,
				2EB56BE3C2D93CDAB0C52E67 /* Sources */,
				25B08E2869634E9BCBA333A2 /* Generated Sources */,
				87DF60DE337FB58864343E39 /* Resources */,
				B8254625CFD509ED2A24A166 /* Sources [moc_predefs] */,
				74B182DB50CB5611B5C1C297 /* Supporting Files */,
				AF39DD055C3EF8226FBE929D /* Frameworks */,
				FE0A091FDBFB3E9C31B7A1BD /* Products */,
			);
			name = Pilorama;
			sourceTree = "<group>";
		};
		EA0B69EA46956A37AAD823FB /* assets */ = {
			isa = PBXGroup;
			children = (
				B677A8E4299BDE59AA9216A3 /* app_icons */,
			);
			name = assets;
			sourceTree = "<group>";
		};
		FE0A091FDBFB3E9C31B7A1BD /* Products */ = {
			isa = PBXGroup;
			children = (
				D9BC5C5127BD1D34B52D8C61 /* Pilorama.app */,
			);
			name = Products;
			sourceTree = "<group>";
		};
/* End PBXGroup section */

/* Begin PBXNativeTarget section */
		5648C5CF354FC5A62051F270 /* Pilorama */ = {
			isa = PBXNativeTarget;
			buildConfigurationList = 6CC3B5D2136C7CD6A5CF5A59 /* Build configuration list for PBXNativeTarget "Pilorama" */;
			buildPhases = (
				F7E50F631C51CD5B5DC0BC43 /* Compile Sources */,
				D1C883685E82D5676953459A /* Link Binary With Libraries */,
				30414803F31797EB689AE508 /* Copy Bundle Resources */,
				8F6BEF7F253F7BE1006DD390 /* Run Script */,
			);
			buildRules = (
			);
			dependencies = (
				1F0F541BAF778791F59D7981 /* PBXTargetDependency */,
			);
			name = Pilorama;
			productName = Pilorama;
			productReference = D9BC5C5127BD1D34B52D8C61 /* Pilorama.app */;
			productType = "com.apple.product-type.application";
		};
/* End PBXNativeTarget section */

/* Begin PBXProject section */
		6DB9C3763D02B1415CD9D565 /* Project object */ = {
			isa = PBXProject;
			attributes = {
				KnownAssetTags = (
					New,
				);
				LastUpgradeCheck = 1210;
				TargetAttributes = {
					7C5E91DEE6EF8791E9EB538C = {
						DevelopmentTeam = BF7ZL72794;
					};
				};
			};
			buildConfigurationList = DAC4C1AA5EDEA1C85E9CA5E6 /* Build configuration list for PBXProject "Pilorama" */;
			compatibilityVersion = "Xcode 3.2";
			developmentRegion = en;
			hasScannedForEncodings = 1;
			knownRegions = (
				en,
				Base,
			);
			mainGroup = E8C543AB96796ECAA2E65C57 /* Pilorama */;
			productRefGroup = FE0A091FDBFB3E9C31B7A1BD /* Products */;
			projectDirPath = "";
			projectRoot = "";
			targets = (
				5648C5CF354FC5A62051F270 /* Pilorama */,
				7C5E91DEE6EF8791E9EB538C /* Qt Preprocess */,
			);
		};
/* End PBXProject section */

/* Begin PBXResourcesBuildPhase section */
		30414803F31797EB689AE508 /* Copy Bundle Resources */ = {
			isa = PBXResourcesBuildPhase;
			buildActionMask = 2147483647;
			files = (
				8F6BEF3B253F7515006DD390 /* Images.xcassets in Copy Bundle Resources */,
			);
			name = "Copy Bundle Resources";
			runOnlyForDeploymentPostprocessing = 0;
		};
/* End PBXResourcesBuildPhase section */

/* Begin PBXShellScriptBuildPhase section */
		5E618435888B9D49F8540165 /* Qt Qmake */ = {
			isa = PBXShellScriptBuildPhase;
			buildActionMask = 2147483647;
			files = (
			);
			name = "Qt Qmake";
			runOnlyForDeploymentPostprocessing = 0;
			shellPath = /bin/sh;
			shellScript = "make -C /Users/evgenijplatonov/programming/personal/qml-timer/qml-timer/macos -f Pilorama.xcodeproj/qt_makeqmake.mak";
			showEnvVarsInLog = 0;
		};
		7EF0942E79C014DCEC8976BC /* Qt Preprocessors */ = {
			isa = PBXShellScriptBuildPhase;
			buildActionMask = 2147483647;
			files = (
			);
			name = "Qt Preprocessors";
			runOnlyForDeploymentPostprocessing = 0;
			shellPath = /bin/sh;
			shellScript = "make -C /Users/evgenijplatonov/programming/personal/qml-timer/qml-timer/macos -f Pilorama.xcodeproj/qt_preprocess.mak";
			showEnvVarsInLog = 0;
		};
		8F6BEF7F253F7BE1006DD390 /* Run Script */ = {
			isa = PBXShellScriptBuildPhase;
			alwaysOutOfDate = 1;
			buildActionMask = 8;
			files = (
			);
			inputFileListPaths = (
			);
			inputPaths = (
			);
			name = "Run Script";
			outputFileListPaths = (
			);
			outputPaths = (
			);
			runOnlyForDeploymentPostprocessing = 1;
			shellPath = /bin/sh;
			shellScript = "# Type a script or drag a script file from your workspace to insert its path.\n/Users/evgenijplatonov/bin/Qt/5.15.1/clang_64/bin/macdeployqt  $CODESIGNING_FOLDER_PATH  -qmldir=/Users/evgenijplatonov/programming/personal/qml-timer/qml-timer/src  -appstore-compliant -always-overwrite\n";
		};
/* End PBXShellScriptBuildPhase section */

/* Begin PBXSourcesBuildPhase section */
		F7E50F631C51CD5B5DC0BC43 /* Compile Sources */ = {
			isa = PBXSourcesBuildPhase;
			buildActionMask = 2147483647;
			files = (
				ADFB5B7701B21CEB2AB781B2 /* main.cpp in Compile Sources */,
				D98994786ED9E991256426DC /* piloramatimer.cpp in Compile Sources */,
				E9AEB7EE403CEC390347A52C /* trayimageprovider.cpp in Compile Sources */,
				750F7DADE3A2F60C57283E72 /* appnap.mm in Compile Sources */,
				46BFB04EDDED14501585372A /* qrc_qml.cpp in Compile Sources */,
				66040A22EC30288D805C8DCA /* moc_piloramatimer.cpp in Compile Sources */,
				FEAEA84BA5E5F3C98128EF85 /* dummy.cpp in Compile Sources */,
			);
			name = "Compile Sources";
			runOnlyForDeploymentPostprocessing = 0;
		};
/* End PBXSourcesBuildPhase section */

/* Begin PBXTargetDependency section */
		1F0F541BAF778791F59D7981 /* PBXTargetDependency */ = {
			isa = PBXTargetDependency;
			target = 7C5E91DEE6EF8791E9EB538C /* Qt Preprocess */;
			targetProxy = 8F5896CF253F724C007C30FA /* PBXContainerItemProxy */;
		};
/* End PBXTargetDependency section */

/* Begin XCBuildConfiguration section */
		339EE1B2CC4FC24589A0EA95 /* Release */ = {
			isa = XCBuildConfiguration;
			buildSettings = {
				APPLICATION_EXTENSION_API_ONLY = NO;
				"ARCHS[sdk=macosx*]" = x86_64;
				CC = /Applications/Xcode.app/Contents/Developer/Toolchains/XcodeDefault.xctoolchain/usr/bin/clang;
				CLANG_WARN_BLOCK_CAPTURE_AUTORELEASING = YES;
				CLANG_WARN_BOOL_CONVERSION = YES;
				CLANG_WARN_COMMA = YES;
				CLANG_WARN_CONSTANT_CONVERSION = YES;
				CLANG_WARN_DEPRECATED_OBJC_IMPLEMENTATIONS = YES;
				CLANG_WARN_EMPTY_BODY = YES;
				CLANG_WARN_ENUM_CONVERSION = YES;
				CLANG_WARN_INFINITE_RECURSION = YES;
				CLANG_WARN_INT_CONVERSION = YES;
				CLANG_WARN_NON_LITERAL_NULL_CONVERSION = YES;
				CLANG_WARN_OBJC_IMPLICIT_RETAIN_SELF = YES;
				CLANG_WARN_OBJC_LITERAL_CONVERSION = YES;
				CLANG_WARN_QUOTED_INCLUDE_IN_FRAMEWORK_HEADER = YES;
				CLANG_WARN_RANGE_LOOP_ANALYSIS = YES;
				CLANG_WARN_STRICT_PROTOTYPES = YES;
				CLANG_WARN_SUSPICIOUS_MOVE = YES;
				CLANG_WARN_UNREACHABLE_CODE = YES;
				CLANG_WARN__DUPLICATE_METHOD_MATCH = YES;
				COPY_PHASE_STRIP = NO;
				DEVELOPMENT_TEAM = BF7ZL72794;
				DYLIB_COMPATIBILITY_VERSION = 3.0;
				DYLIB_CURRENT_VERSION = 3.0.2;
				ENABLE_BITCODE = NO;
				ENABLE_STRICT_OBJC_MSGSEND = YES;
				FRAMEWORK_SEARCH_PATHS = (
					/Users/evgenijplatonov/bin/Qt/5.15.1/clang_64/lib,
					/Users/evgenijplatonov/bin/Qt/5.15.1/clang_64/lib,
				);
				GCC_NO_COMMON_BLOCKS = YES;
				GCC_VERSION = com.apple.compilers.llvm.clang.1_0;
				GCC_WARN_64_TO_32_BIT_CONVERSION = YES;
				GCC_WARN_ABOUT_RETURN_TYPE = YES;
				GCC_WARN_UNDECLARED_SELECTOR = YES;
				GCC_WARN_UNINITIALIZED_AUTOS = YES;
				GCC_WARN_UNUSED_FUNCTION = YES;
				GCC_WARN_UNUSED_VARIABLE = YES;
				HEADER_SEARCH_PATHS = (
					../src,
					.,
					/Users/evgenijplatonov/bin/Qt/5.15.1/clang_64/lib/QtQuick.framework/Headers,
					/Users/evgenijplatonov/bin/Qt/5.15.1/clang_64/lib/QtSvg.framework/Headers,
					/Users/evgenijplatonov/bin/Qt/5.15.1/clang_64/lib/QtWidgets.framework/Headers,
					/Users/evgenijplatonov/bin/Qt/5.15.1/clang_64/lib/QtGui.framework/Headers,
					/Users/evgenijplatonov/bin/Qt/5.15.1/clang_64/lib/QtQmlModels.framework/Headers,
					/Users/evgenijplatonov/bin/Qt/5.15.1/clang_64/lib/QtQml.framework/Headers,
					/Users/evgenijplatonov/bin/Qt/5.15.1/clang_64/lib/QtNetwork.framework/Headers,
					/Users/evgenijplatonov/bin/Qt/5.15.1/clang_64/lib/QtXml.framework/Headers,
					/Users/evgenijplatonov/bin/Qt/5.15.1/clang_64/lib/QtCore.framework/Headers,
					.,
					/Applications/Xcode.app/Contents/Developer/Platforms/MacOSX.platform/Developer/SDKs/MacOSX10.15.sdk/System/Library/Frameworks/OpenGL.framework/Headers,
					/Applications/Xcode.app/Contents/Developer/Platforms/MacOSX.platform/Developer/SDKs/MacOSX10.15.sdk/System/Library/Frameworks/AGL.framework/Headers,
					"/Users/evgenijplatonov/bin/Qt/5.15.1/clang_64/mkspecs/macx-clang",
				);
				INFOPLIST_FILE = Info.plist;
				LDPLUSPLUS = "/Applications/Xcode.app/Contents/Developer/Toolchains/XcodeDefault.xctoolchain/usr/bin/clang++";
				LIBRARY_SEARCH_PATHS = (
					/System/Library/Frameworks/,
					/Users/evgenijplatonov/bin/Qt/5.15.1/clang_64/lib,
				);
				MACOSX_DEPLOYMENT_TARGET = 10.13;
				OTHER_CFLAGS = (
					"-pipe",
					"-O2",
					"-Wall",
					"-Wextra",
					"-fPIC",
					"-DQT_DEPRECATED_WARNINGS",
					"-DAPP_VERSION=\\\"3.0.2\\\"",
					"-DQT_NO_DEBUG",
					"-DQT_QUICK_LIB",
					"-DQT_SVG_LIB",
					"-DQT_WIDGETS_LIB",
					"-DQT_GUI_LIB",
					"-DQT_QMLMODELS_LIB",
					"-DQT_QML_LIB",
					"-DQT_NETWORK_LIB",
					"-DQT_XML_LIB",
					"-DQT_CORE_LIB",
				);
				OTHER_CPLUSPLUSFLAGS = (
					"-pipe",
					"-stdlib=libc++",
					"-O2",
					"-std=gnu++1z",
					"-Wall",
					"-Wextra",
					"-fPIC",
					"-DQT_DEPRECATED_WARNINGS",
					"-DAPP_VERSION=\\\"3.0.2\\\"",
					"-DQT_NO_DEBUG",
					"-DQT_QUICK_LIB",
					"-DQT_SVG_LIB",
					"-DQT_WIDGETS_LIB",
					"-DQT_GUI_LIB",
					"-DQT_QMLMODELS_LIB",
					"-DQT_QML_LIB",
					"-DQT_NETWORK_LIB",
					"-DQT_XML_LIB",
					"-DQT_CORE_LIB",
				);
				OTHER_LDFLAGS = (
					"-stdlib=libc++",
					"-headerpad_max_install_names",
					"-Wl,-rpath,@executable_path/../Frameworks",
					"-Wl,-rpath,/Users/evgenijplatonov/bin/Qt/5.15.1/clang_64/lib",
					"-F/Users/evgenijplatonov/bin/Qt/5.15.1/clang_64/lib",
				);
				PRODUCT_BUNDLE_IDENTIFIER = "com.sigonna.opensource.${PRODUCT_NAME:rfc1034identifier}";
				PRODUCT_NAME = Pilorama;
				QMAKE_FULL_VERSION = 3.0.2;
				QMAKE_PKGINFO_TYPEINFO = "????";
				QMAKE_SHORT_VERSION = 3.0;
				QT_LIBRARY_SUFFIX = "";
				SDKROOT = macosx;
				SYMROOT = "$(PROJECT_DIR)";
			};
			name = Release;
		};
		3AA6C32AC930069E80220CF1 /* Debug */ = {
			isa = XCBuildConfiguration;
			buildSettings = {
				APPLICATION_EXTENSION_API_ONLY = NO;
				"ARCHS[sdk=macosx*]" = x86_64;
				CC = /Applications/Xcode.app/Contents/Developer/Toolchains/XcodeDefault.xctoolchain/usr/bin/clang;
				CLANG_WARN_BLOCK_CAPTURE_AUTORELEASING = YES;
				CLANG_WARN_BOOL_CONVERSION = YES;
				CLANG_WARN_COMMA = YES;
				CLANG_WARN_CONSTANT_CONVERSION = YES;
				CLANG_WARN_DEPRECATED_OBJC_IMPLEMENTATIONS = YES;
				CLANG_WARN_EMPTY_BODY = YES;
				CLANG_WARN_ENUM_CONVERSION = YES;
				CLANG_WARN_INFINITE_RECURSION = YES;
				CLANG_WARN_INT_CONVERSION = YES;
				CLANG_WARN_NON_LITERAL_NULL_CONVERSION = YES;
				CLANG_WARN_OBJC_IMPLICIT_RETAIN_SELF = YES;
				CLANG_WARN_OBJC_LITERAL_CONVERSION = YES;
				CLANG_WARN_QUOTED_INCLUDE_IN_FRAMEWORK_HEADER = YES;
				CLANG_WARN_RANGE_LOOP_ANALYSIS = YES;
				CLANG_WARN_STRICT_PROTOTYPES = YES;
				CLANG_WARN_SUSPICIOUS_MOVE = YES;
				CLANG_WARN_UNREACHABLE_CODE = YES;
				CLANG_WARN__DUPLICATE_METHOD_MATCH = YES;
				COPY_PHASE_STRIP = NO;
				DEVELOPMENT_TEAM = BF7ZL72794;
				DYLIB_COMPATIBILITY_VERSION = 3.0;
				DYLIB_CURRENT_VERSION = 3.0.2;
				ENABLE_BITCODE = NO;
				ENABLE_STRICT_OBJC_MSGSEND = YES;
				ENABLE_TESTABILITY = YES;
				FRAMEWORK_SEARCH_PATHS = (
					/Users/evgenijplatonov/bin/Qt/5.15.1/clang_64/lib,
					/Users/evgenijplatonov/bin/Qt/5.15.1/clang_64/lib,
				);
				GCC_NO_COMMON_BLOCKS = YES;
				GCC_OPTIMIZATION_LEVEL = 0;
				GCC_VERSION = com.apple.compilers.llvm.clang.1_0;
				GCC_WARN_64_TO_32_BIT_CONVERSION = YES;
				GCC_WARN_ABOUT_RETURN_TYPE = YES;
				GCC_WARN_UNDECLARED_SELECTOR = YES;
				GCC_WARN_UNINITIALIZED_AUTOS = YES;
				GCC_WARN_UNUSED_FUNCTION = YES;
				GCC_WARN_UNUSED_VARIABLE = YES;
				HEADER_SEARCH_PATHS = (
					../src,
					.,
					/Users/evgenijplatonov/bin/Qt/5.15.1/clang_64/lib/QtQuick.framework/Headers,
					/Users/evgenijplatonov/bin/Qt/5.15.1/clang_64/lib/QtSvg.framework/Headers,
					/Users/evgenijplatonov/bin/Qt/5.15.1/clang_64/lib/QtWidgets.framework/Headers,
					/Users/evgenijplatonov/bin/Qt/5.15.1/clang_64/lib/QtGui.framework/Headers,
					/Users/evgenijplatonov/bin/Qt/5.15.1/clang_64/lib/QtQmlModels.framework/Headers,
					/Users/evgenijplatonov/bin/Qt/5.15.1/clang_64/lib/QtQml.framework/Headers,
					/Users/evgenijplatonov/bin/Qt/5.15.1/clang_64/lib/QtNetwork.framework/Headers,
					/Users/evgenijplatonov/bin/Qt/5.15.1/clang_64/lib/QtXml.framework/Headers,
					/Users/evgenijplatonov/bin/Qt/5.15.1/clang_64/lib/QtCore.framework/Headers,
					.,
					/Applications/Xcode.app/Contents/Developer/Platforms/MacOSX.platform/Developer/SDKs/MacOSX10.15.sdk/System/Library/Frameworks/OpenGL.framework/Headers,
					/Applications/Xcode.app/Contents/Developer/Platforms/MacOSX.platform/Developer/SDKs/MacOSX10.15.sdk/System/Library/Frameworks/AGL.framework/Headers,
					"/Users/evgenijplatonov/bin/Qt/5.15.1/clang_64/mkspecs/macx-clang",
				);
				INFOPLIST_FILE = Info.plist;
				LDPLUSPLUS = "/Applications/Xcode.app/Contents/Developer/Toolchains/XcodeDefault.xctoolchain/usr/bin/clang++";
				LIBRARY_SEARCH_PATHS = (
					/System/Library/Frameworks/,
					/Users/evgenijplatonov/bin/Qt/5.15.1/clang_64/lib,
				);
				MACOSX_DEPLOYMENT_TARGET = 10.13;
				ONLY_ACTIVE_ARCH = YES;
				OTHER_CFLAGS = (
					"-pipe",
					"-O2",
					"-Wall",
					"-Wextra",
					"-fPIC",
					"-DQT_DEPRECATED_WARNINGS",
					"-DAPP_VERSION=\\\"3.0.2\\\"",
					"-DQT_NO_DEBUG",
					"-DQT_QUICK_LIB",
					"-DQT_SVG_LIB",
					"-DQT_WIDGETS_LIB",
					"-DQT_GUI_LIB",
					"-DQT_QMLMODELS_LIB",
					"-DQT_QML_LIB",
					"-DQT_NETWORK_LIB",
					"-DQT_XML_LIB",
					"-DQT_CORE_LIB",
				);
				OTHER_CPLUSPLUSFLAGS = (
					"-pipe",
					"-stdlib=libc++",
					"-O2",
					"-std=gnu++1z",
					"-Wall",
					"-Wextra",
					"-fPIC",
					"-DQT_DEPRECATED_WARNINGS",
					"-DAPP_VERSION=\\\"3.0.2\\\"",
					"-DQT_NO_DEBUG",
					"-DQT_QUICK_LIB",
					"-DQT_SVG_LIB",
					"-DQT_WIDGETS_LIB",
					"-DQT_GUI_LIB",
					"-DQT_QMLMODELS_LIB",
					"-DQT_QML_LIB",
					"-DQT_NETWORK_LIB",
					"-DQT_XML_LIB",
					"-DQT_CORE_LIB",
				);
				OTHER_LDFLAGS = (
					"-stdlib=libc++",
					"-headerpad_max_install_names",
					"-Wl,-rpath,@executable_path/../Frameworks",
					"-Wl,-rpath,/Users/evgenijplatonov/bin/Qt/5.15.1/clang_64/lib",
					"-F/Users/evgenijplatonov/bin/Qt/5.15.1/clang_64/lib",
				);
				PRODUCT_BUNDLE_IDENTIFIER = "com.sigonna.opensource.${PRODUCT_NAME:rfc1034identifier}";
				PRODUCT_NAME = Pilorama;
				QMAKE_FULL_VERSION = 3.0.2;
				QMAKE_PKGINFO_TYPEINFO = "????";
				QMAKE_SHORT_VERSION = 3.0;
				QT_LIBRARY_SUFFIX = "";
				SDKROOT = macosx;
				SYMROOT = "$(PROJECT_DIR)";
			};
			name = Debug;
		};
		6666AA5E688052234F6758D8 /* Release */ = {
			isa = XCBuildConfiguration;
			buildSettings = {
				APPLICATION_EXTENSION_API_ONLY = NO;
				"ARCHS[sdk=macosx*]" = x86_64;
				ASSETCATALOG_COMPILER_APPICON_NAME = AppIcon;
				CLANG_ENABLE_OBJC_WEAK = YES;
				CODE_SIGN_ENTITLEMENTS = Pilorama/PiloramaRelease.entitlements;
				CODE_SIGN_IDENTITY = "3rd Party Mac Developer Application";
				CODE_SIGN_STYLE = Manual;
				COPY_PHASE_STRIP = NO;
				DEVELOPMENT_TEAM = BF7ZL72794;
				ENABLE_BITCODE = NO;
				LD_RUNPATH_SEARCH_PATHS = (
					"$(inherited)",
					"@executable_path/../Frameworks",
				);
				OTHER_CODE_SIGN_FLAGS = "--deep";
				PRODUCT_BUNDLE_IDENTIFIER = "com.sigonna.opensource.${PRODUCT_NAME:rfc1034identifier}";
				PRODUCT_NAME = Pilorama;
				PROVISIONING_PROFILE_SPECIFIER = "match AppStore com.sigonna.opensource.Pilorama macos";
				QMAKE_FULL_VERSION = 3.0.2;
				QMAKE_PKGINFO_TYPEINFO = "????";
				QMAKE_SHORT_VERSION = 3.0;
				QT_LIBRARY_SUFFIX = "";
				SDKROOT = macosx;
			};
			name = Release;
		};
		77418F46922677BB04ED38DD /* Debug */ = {
			isa = XCBuildConfiguration;
			buildSettings = {
				APPLICATION_EXTENSION_API_ONLY = NO;
				"ARCHS[sdk=macosx*]" = x86_64;
				ASSETCATALOG_COMPILER_APPICON_NAME = AppIcon;
				CLANG_ENABLE_OBJC_WEAK = YES;
				CODE_SIGN_ENTITLEMENTS = Pilorama.entitlements;
				CODE_SIGN_IDENTITY = "3rd Party Mac Developer Application";
				CODE_SIGN_STYLE = Manual;
				COPY_PHASE_STRIP = NO;
				DEVELOPMENT_TEAM = BF7ZL72794;
				ENABLE_BITCODE = NO;
				GCC_OPTIMIZATION_LEVEL = 0;
				LD_RUNPATH_SEARCH_PATHS = (
					"$(inherited)",
					"@executable_path/../Frameworks",
				);
				ONLY_ACTIVE_ARCH = YES;
				OTHER_CODE_SIGN_FLAGS = "--deep";
				PRODUCT_BUNDLE_IDENTIFIER = "com.sigonna.opensource.${PRODUCT_NAME:rfc1034identifier}";
				PRODUCT_NAME = Pilorama;
				PROVISIONING_PROFILE_SPECIFIER = "match AppStore com.sigonna.opensource.Pilorama macos";
				QMAKE_FULL_VERSION = 3.0.2;
				QMAKE_PKGINFO_TYPEINFO = "????";
				QMAKE_SHORT_VERSION = 3.0;
				QT_LIBRARY_SUFFIX = "";
				SDKROOT = macosx;
			};
			name = Debug;
		};
/* End XCBuildConfiguration section */

/* Begin XCConfigurationList section */
		6CC3B5D2136C7CD6A5CF5A59 /* Build configuration list for PBXNativeTarget "Pilorama" */ = {
			isa = XCConfigurationList;
			buildConfigurations = (
				77418F46922677BB04ED38DD /* Debug */,
				6666AA5E688052234F6758D8 /* Release */,
			);
			defaultConfigurationIsVisible = 0;
			defaultConfigurationName = Release;
		};
		DAC4C1AA5EDEA1C85E9CA5E6 /* Build configuration list for PBXProject "Pilorama" */ = {
			isa = XCConfigurationList;
			buildConfigurations = (
				3AA6C32AC930069E80220CF1 /* Debug */,
				339EE1B2CC4FC24589A0EA95 /* Release */,
			);
			defaultConfigurationIsVisible = 0;
			defaultConfigurationName = Release;
		};
/* End XCConfigurationList section */
	};
	rootObject = 6DB9C3763D02B1415CD9D565 /* Project object */;
}
