// !$*UTF8*$!
{
	archiveVersion = 1;
	classes = {
	};
	objectVersion = 46;
	objects = {

/* Begin PBXAggregateTarget section */
		9B2D8155A3E6175D723CE72E /* Qt Preprocess */ = {
			isa = PBXAggregateTarget;
			buildConfigurationList = 6CC3B5D2136C7CD6A5CF5A59 /* Build configuration list for PBXNativeTarget "Pilorama" */;
			buildPhases = (
				5E618435888B9D49F8540165 /* Qt Qmake */,
				7EF0942E79C014DCEC8976BC /* Qt Preprocessors */,
			);
			dependencies = (
			);
			name = "Qt Preprocess";
			productName = "Qt Preprocess";
		};
/* End PBXAggregateTarget section */

/* Begin PBXBuildFile section */
		08AFBB16EDF35C951CCF7817 /* QtWidgets.framework in Link Binary With Libraries */ = {isa = PBXBuildFile; fileRef = 5C5DC61932732846AAF92C57 /* QtWidgets.framework */; };
		14F0973EF19809BBD8473564 /* QtQmlModels.framework in Link Binary With Libraries */ = {isa = PBXBuildFile; fileRef = AEC234AC1B21C46BC4DE9F7C /* QtQmlModels.framework */; };
		2ABA1C7F843E352882CA9488 /* qrc_qml.cpp in Compile Sources */ = {isa = PBXBuildFile; fileRef = 4DB1EB6F8EF101DF20E873E4 /* qrc_qml.cpp */; settings = {ATTRIBUTES = (); }; };
		314AD054C1560C0BEA8E0E65 /* QtNetwork.framework in Link Binary With Libraries */ = {isa = PBXBuildFile; fileRef = 18CFABF71C171FAE2A3040D5 /* QtNetwork.framework */; };
		4FD8637DFE4F84D9760EB2D4 /* QtCore.framework in Link Binary With Libraries */ = {isa = PBXBuildFile; fileRef = D9174D5194EFD5598963C1B2 /* QtCore.framework */; };
		51F818AFE84F5C7B232AF889 /* piloramatimer.cpp in Compile Sources */ = {isa = PBXBuildFile; fileRef = 079592216248E2E4700BDAC3 /* piloramatimer.cpp */; settings = {ATTRIBUTES = (); }; };
		754348B350FEFE48D3B7741E /* QtQml.framework in Link Binary With Libraries */ = {isa = PBXBuildFile; fileRef = 2C09240FB797023D5F79CFE1 /* QtQml.framework */; };
		75A5D56CBEE97D0E69C90FCD /* dummy.cpp in Compile Sources */ = {isa = PBXBuildFile; fileRef = 3FAFB55263CAE0EC41CDB75E /* dummy.cpp */; settings = {ATTRIBUTES = (); }; };
		872B37329BBA04384CB93F29 /* QtXml.framework in Link Binary With Libraries */ = {isa = PBXBuildFile; fileRef = 1727BEE5EDB156C2EAA1A3FE /* QtXml.framework */; };
		8771A8C96E9C391044035D99 /* OpenGL.framework in Link Binary With Libraries */ = {isa = PBXBuildFile; fileRef = D4B32C2222F82AC56BADEB21 /* OpenGL.framework */; };
		8CC6966700FCA4EB4C88A39E /* moc_piloramatimer.cpp in Compile Sources */ = {isa = PBXBuildFile; fileRef = 81752765382223C9A3F5D319 /* moc_piloramatimer.cpp */; settings = {ATTRIBUTES = (); }; };
		8D267F2E4776F0ECA2F49DC8 /* IOKit.framework in Link Binary With Libraries */ = {isa = PBXBuildFile; fileRef = A1A67BEAA744704B29168D39 /* IOKit.framework */; };
		A0A72F31B6377548356BC57E /* QtGui.framework in Link Binary With Libraries */ = {isa = PBXBuildFile; fileRef = E8DDC5BD6289F8D29F3E6606 /* QtGui.framework */; };
		A50CA63E2552AE0A00CA509E /* Images.xcassets in Copy Bundle Resources */ = {isa = PBXBuildFile; fileRef = A50CA63D2552AE0A00CA509E /* Images.xcassets */; };
		A99B2AA0F9CBBDD12BA126A4 /* DiskArbitration.framework in Link Binary With Libraries */ = {isa = PBXBuildFile; fileRef = 2B774D8E4178765CE52EAAF5 /* DiskArbitration.framework */; };
		B3FE8FAC746D3D5BB24FA398 /* Metal.framework in Link Binary With Libraries */ = {isa = PBXBuildFile; fileRef = 1B2543FCC48E9436F21C4F63 /* Metal.framework */; };
		BB06B09CE4FDCBEB0F872988 /* QtQuick.framework in Link Binary With Libraries */ = {isa = PBXBuildFile; fileRef = 7F6E57BAE3BF448DFF061314 /* QtQuick.framework */; };
		BEE3960247072D932231C4BC /* main.cpp in Compile Sources */ = {isa = PBXBuildFile; fileRef = 2FCAC959F82E6A743A92B5CB /* main.cpp */; settings = {ATTRIBUTES = (); }; };
		D8CEFA299A052B6E32236B28 /* QtSvg.framework in Link Binary With Libraries */ = {isa = PBXBuildFile; fileRef = 27FB82295EA24B575C4DCA95 /* QtSvg.framework */; };
		E45E51A644D5FC9F942ECE55 /* AGL.framework in Link Binary With Libraries */ = {isa = PBXBuildFile; fileRef = 8D9815BDB5BD9F90D2BC05C5 /* AGL.framework */; };
		F26454630C80841CBDCFE1CA /* Foundation.framework in Link Binary With Libraries */ = {isa = PBXBuildFile; fileRef = FCC237CA5AD60B9BA4447615 /* Foundation.framework */; };
		F2A75ACAC9DF6A3F4E5711E7 /* AppKit.framework in Link Binary With Libraries */ = {isa = PBXBuildFile; fileRef = 723F90793B2C195E2CCB2233 /* AppKit.framework */; };
		F5905CE47BC3078928E4D431 /* trayimageprovider.cpp in Compile Sources */ = {isa = PBXBuildFile; fileRef = E36F4431E025E92FA38B8136 /* trayimageprovider.cpp */; settings = {ATTRIBUTES = (); }; };
		F70062A719555682867F179A /* appnap.mm in Compile Sources */ = {isa = PBXBuildFile; fileRef = ACC85B14D0D8E56D0A01E383 /* appnap.mm */; settings = {ATTRIBUTES = (); }; };
/* End PBXBuildFile section */

/* Begin PBXContainerItemProxy section */
		A50CA6382552AD8800CA509E /* PBXContainerItemProxy */ = {
			isa = PBXContainerItemProxy;
			containerPortal = 6DB9C3763D02B1415CD9D565 /* Project object */;
			proxyType = 1;
			remoteGlobalIDString = 9B2D8155A3E6175D723CE72E;
			remoteInfo = "Qt Preprocess";
		};
/* End PBXContainerItemProxy section */

/* Begin PBXCopyFilesBuildPhase section */
		99542592E9780B9225F24AA8 /* Embed Frameworks */ = {
			isa = PBXCopyFilesBuildPhase;
			buildActionMask = 2147483647;
			dstPath = "";
			dstSubfolderSpec = 10;
			files = (
			);
			name = "Embed Frameworks";
			runOnlyForDeploymentPostprocessing = 0;
		};
/* End PBXCopyFilesBuildPhase section */

/* Begin PBXFileReference section */
		079592216248E2E4700BDAC3 /* piloramatimer.cpp */ = {isa = PBXFileReference; lastKnownFileType = sourcecode.cpp.cpp; name = piloramatimer.cpp; path = /Users/Sergey/Projects/eplatonoff/pilorama/src/piloramatimer.cpp; sourceTree = "<absolute>"; };
		1727BEE5EDB156C2EAA1A3FE /* QtXml.framework */ = {isa = PBXFileReference; lastKnownFileType = wrapper.framework; name = QtXml.framework; path = /usr/local/Cellar/qt/5.15.1/lib/QtXml.framework; sourceTree = "<absolute>"; };
		18CFABF71C171FAE2A3040D5 /* QtNetwork.framework */ = {isa = PBXFileReference; lastKnownFileType = wrapper.framework; name = QtNetwork.framework; path = /usr/local/Cellar/qt/5.15.1/lib/QtNetwork.framework; sourceTree = "<absolute>"; };
		1B2543FCC48E9436F21C4F63 /* Metal.framework */ = {isa = PBXFileReference; lastKnownFileType = wrapper.framework; name = Metal.framework; path = /System/Library/Frameworks/Metal.framework; sourceTree = "<absolute>"; };
		27FB82295EA24B575C4DCA95 /* QtSvg.framework */ = {isa = PBXFileReference; lastKnownFileType = wrapper.framework; name = QtSvg.framework; path = /usr/local/Cellar/qt/5.15.1/lib/QtSvg.framework; sourceTree = "<absolute>"; };
		2B774D8E4178765CE52EAAF5 /* DiskArbitration.framework */ = {isa = PBXFileReference; lastKnownFileType = wrapper.framework; name = DiskArbitration.framework; path = /System/Library/Frameworks/DiskArbitration.framework; sourceTree = "<absolute>"; };
		2C09240FB797023D5F79CFE1 /* QtQml.framework */ = {isa = PBXFileReference; lastKnownFileType = wrapper.framework; name = QtQml.framework; path = /usr/local/Cellar/qt/5.15.1/lib/QtQml.framework; sourceTree = "<absolute>"; };
		2E73314AEA5B116E2AC26044 /* icon.icns */ = {isa = PBXFileReference; lastKnownFileType = image.icns; name = icon.icns; path = /Users/Sergey/Projects/eplatonoff/pilorama/macos/assets/app_icons/icon.icns; sourceTree = "<absolute>"; };
		2FCAC959F82E6A743A92B5CB /* main.cpp */ = {isa = PBXFileReference; lastKnownFileType = sourcecode.cpp.cpp; name = main.cpp; path = /Users/Sergey/Projects/eplatonoff/pilorama/src/main.cpp; sourceTree = "<absolute>"; };
		3FAFB55263CAE0EC41CDB75E /* dummy.cpp */ = {isa = PBXFileReference; lastKnownFileType = sourcecode.cpp.cpp; name = dummy.cpp; path = /usr/local/Cellar/qt/5.15.1/mkspecs/features/data/dummy.cpp; sourceTree = "<absolute>"; };
		4DB1EB6F8EF101DF20E873E4 /* qrc_qml.cpp */ = {isa = PBXFileReference; lastKnownFileType = sourcecode.cpp.cpp; name = qrc_qml.cpp; path = /Users/Sergey/Projects/eplatonoff/pilorama/macos/qrc_qml.cpp; sourceTree = "<absolute>"; };
		5C5DC61932732846AAF92C57 /* QtWidgets.framework */ = {isa = PBXFileReference; lastKnownFileType = wrapper.framework; name = QtWidgets.framework; path = /usr/local/Cellar/qt/5.15.1/lib/QtWidgets.framework; sourceTree = "<absolute>"; };
		6175D1CBFCC7AA867D83A909 /* qml.qrc */ = {isa = PBXFileReference; lastKnownFileType = text; name = qml.qrc; path = /Users/Sergey/Projects/eplatonoff/pilorama/src/qml.qrc; sourceTree = "<absolute>"; };
		629339AF1BC38544CEECDD81 /* trayimageprovider.h */ = {isa = PBXFileReference; lastKnownFileType = sourcecode.c.h; name = trayimageprovider.h; path = /Users/Sergey/Projects/eplatonoff/pilorama/src/trayimageprovider.h; sourceTree = "<absolute>"; };
		723F90793B2C195E2CCB2233 /* AppKit.framework */ = {isa = PBXFileReference; lastKnownFileType = wrapper.framework; name = AppKit.framework; path = /System/Library/Frameworks/AppKit.framework; sourceTree = "<absolute>"; };
		7F6E57BAE3BF448DFF061314 /* QtQuick.framework */ = {isa = PBXFileReference; lastKnownFileType = wrapper.framework; name = QtQuick.framework; path = /usr/local/Cellar/qt/5.15.1/lib/QtQuick.framework; sourceTree = "<absolute>"; };
		81752765382223C9A3F5D319 /* moc_piloramatimer.cpp */ = {isa = PBXFileReference; lastKnownFileType = sourcecode.cpp.cpp; name = moc_piloramatimer.cpp; path = /Users/Sergey/Projects/eplatonoff/pilorama/macos/moc_piloramatimer.cpp; sourceTree = "<absolute>"; };
		8D9815BDB5BD9F90D2BC05C5 /* AGL.framework */ = {isa = PBXFileReference; lastKnownFileType = wrapper.framework; name = AGL.framework; path = /System/Library/Frameworks/AGL.framework; sourceTree = "<absolute>"; };
		A1A67BEAA744704B29168D39 /* IOKit.framework */ = {isa = PBXFileReference; lastKnownFileType = wrapper.framework; name = IOKit.framework; path = /System/Library/Frameworks/IOKit.framework; sourceTree = "<absolute>"; };
		A36A43EC36B76391FE5D9DED /* pilorama.pro */ = {isa = PBXFileReference; lastKnownFileType = text; name = pilorama.pro; path = /Users/Sergey/Projects/eplatonoff/pilorama/macos/pilorama.pro; sourceTree = "<absolute>"; };
		A50CA63D2552AE0A00CA509E /* Images.xcassets */ = {isa = PBXFileReference; lastKnownFileType = folder.assetcatalog; name = Images.xcassets; path = Pilorama/Images.xcassets; sourceTree = "<group>"; };
		ACC85B14D0D8E56D0A01E383 /* appnap.mm */ = {isa = PBXFileReference; lastKnownFileType = sourcecode.cpp.objcpp; name = appnap.mm; path = /Users/Sergey/Projects/eplatonoff/pilorama/src/mac/appnap.mm; sourceTree = "<absolute>"; };
		AEC234AC1B21C46BC4DE9F7C /* QtQmlModels.framework */ = {isa = PBXFileReference; lastKnownFileType = wrapper.framework; name = QtQmlModels.framework; path = /usr/local/Cellar/qt/5.15.1/lib/QtQmlModels.framework; sourceTree = "<absolute>"; };
		C9294FEAC96C0B5BD69728C3 /* pilorama.pro */ = {isa = PBXFileReference; lastKnownFileType = text; name = pilorama.pro; path = /Users/Sergey/Projects/eplatonoff/pilorama/src/pilorama.pro; sourceTree = "<absolute>"; };
		D4B32C2222F82AC56BADEB21 /* OpenGL.framework */ = {isa = PBXFileReference; lastKnownFileType = wrapper.framework; name = OpenGL.framework; path = /System/Library/Frameworks/OpenGL.framework; sourceTree = "<absolute>"; };
		D9174D5194EFD5598963C1B2 /* QtCore.framework */ = {isa = PBXFileReference; lastKnownFileType = wrapper.framework; name = QtCore.framework; path = /usr/local/Cellar/qt/5.15.1/lib/QtCore.framework; sourceTree = "<absolute>"; };
		E36F4431E025E92FA38B8136 /* trayimageprovider.cpp */ = {isa = PBXFileReference; lastKnownFileType = sourcecode.cpp.cpp; name = trayimageprovider.cpp; path = /Users/Sergey/Projects/eplatonoff/pilorama/src/trayimageprovider.cpp; sourceTree = "<absolute>"; };
		E8DDC5BD6289F8D29F3E6606 /* QtGui.framework */ = {isa = PBXFileReference; lastKnownFileType = wrapper.framework; name = QtGui.framework; path = /usr/local/Cellar/qt/5.15.1/lib/QtGui.framework; sourceTree = "<absolute>"; };
		EB2A51D7641BA6EF672B4706 /* Pilorama.app */ = {isa = PBXFileReference; explicitFileType = wrapper.application; includeInIndex = 0; path = Pilorama.app; sourceTree = BUILT_PRODUCTS_DIR; };
		EC4C4B9DAEC8D91C24F4D58D /* piloramatimer.h */ = {isa = PBXFileReference; lastKnownFileType = sourcecode.c.h; name = piloramatimer.h; path = /Users/Sergey/Projects/eplatonoff/pilorama/src/piloramatimer.h; sourceTree = "<absolute>"; };
		FCC237CA5AD60B9BA4447615 /* Foundation.framework */ = {isa = PBXFileReference; lastKnownFileType = wrapper.framework; name = Foundation.framework; path = /System/Library/Frameworks/Foundation.framework; sourceTree = "<absolute>"; };
/* End PBXFileReference section */

/* Begin PBXFrameworksBuildPhase section */
		D1C883685E82D5676953459A /* Link Binary With Libraries */ = {
			isa = PBXFrameworksBuildPhase;
			buildActionMask = 2147483647;
			files = (
				F26454630C80841CBDCFE1CA /* Foundation.framework in Link Binary With Libraries */,
				BB06B09CE4FDCBEB0F872988 /* QtQuick.framework in Link Binary With Libraries */,
				D8CEFA299A052B6E32236B28 /* QtSvg.framework in Link Binary With Libraries */,
				08AFBB16EDF35C951CCF7817 /* QtWidgets.framework in Link Binary With Libraries */,
				A0A72F31B6377548356BC57E /* QtGui.framework in Link Binary With Libraries */,
				F2A75ACAC9DF6A3F4E5711E7 /* AppKit.framework in Link Binary With Libraries */,
				B3FE8FAC746D3D5BB24FA398 /* Metal.framework in Link Binary With Libraries */,
				14F0973EF19809BBD8473564 /* QtQmlModels.framework in Link Binary With Libraries */,
				754348B350FEFE48D3B7741E /* QtQml.framework in Link Binary With Libraries */,
				314AD054C1560C0BEA8E0E65 /* QtNetwork.framework in Link Binary With Libraries */,
				872B37329BBA04384CB93F29 /* QtXml.framework in Link Binary With Libraries */,
				4FD8637DFE4F84D9760EB2D4 /* QtCore.framework in Link Binary With Libraries */,
				A99B2AA0F9CBBDD12BA126A4 /* DiskArbitration.framework in Link Binary With Libraries */,
				8D267F2E4776F0ECA2F49DC8 /* IOKit.framework in Link Binary With Libraries */,
				8771A8C96E9C391044035D99 /* OpenGL.framework in Link Binary With Libraries */,
				E45E51A644D5FC9F942ECE55 /* AGL.framework in Link Binary With Libraries */,
			);
			name = "Link Binary With Libraries";
			runOnlyForDeploymentPostprocessing = 0;
		};
/* End PBXFrameworksBuildPhase section */

/* Begin PBXGroup section */
		25B08E2869634E9BCBA333A2 /* Generated Sources */ = {
			isa = PBXGroup;
			children = (
				4DB1EB6F8EF101DF20E873E4 /* qrc_qml.cpp */,
				81752765382223C9A3F5D319 /* moc_piloramatimer.cpp */,
			);
			name = "Generated Sources";
			sourceTree = "<group>";
		};
		2EB56BE3C2D93CDAB0C52E67 /* Sources */ = {
			isa = PBXGroup;
			children = (
				2FCAC959F82E6A743A92B5CB /* main.cpp */,
				079592216248E2E4700BDAC3 /* piloramatimer.cpp */,
				E36F4431E025E92FA38B8136 /* trayimageprovider.cpp */,
				5AF61CE04FC3E5728FB4CE68 /* mac */,
				EA0B69EA46956A37AAD823FB /* assets */,
				EC4C4B9DAEC8D91C24F4D58D /* piloramatimer.h */,
				629339AF1BC38544CEECDD81 /* trayimageprovider.h */,
			);
			name = Sources;
			sourceTree = "<group>";
		};
		5AF61CE04FC3E5728FB4CE68 /* mac */ = {
			isa = PBXGroup;
			children = (
				ACC85B14D0D8E56D0A01E383 /* appnap.mm */,
			);
			name = mac;
			sourceTree = "<group>";
		};
		74B182DB50CB5611B5C1C297 /* Supporting Files */ = {
			isa = PBXGroup;
			children = (
				A36A43EC36B76391FE5D9DED /* pilorama.pro */,
				C9294FEAC96C0B5BD69728C3 /* pilorama.pro */,
			);
			name = "Supporting Files";
			sourceTree = "<group>";
		};
		87DF60DE337FB58864343E39 /* Resources */ = {
			isa = PBXGroup;
			children = (
				A50CA63D2552AE0A00CA509E /* Images.xcassets */,
				6175D1CBFCC7AA867D83A909 /* qml.qrc */,
			);
			name = Resources;
			sourceTree = "<group>";
		};
		AF39DD055C3EF8226FBE929D /* Frameworks */ = {
			isa = PBXGroup;
			children = (
				FCC237CA5AD60B9BA4447615 /* Foundation.framework */,
				7F6E57BAE3BF448DFF061314 /* QtQuick.framework */,
				27FB82295EA24B575C4DCA95 /* QtSvg.framework */,
				5C5DC61932732846AAF92C57 /* QtWidgets.framework */,
				E8DDC5BD6289F8D29F3E6606 /* QtGui.framework */,
				723F90793B2C195E2CCB2233 /* AppKit.framework */,
				1B2543FCC48E9436F21C4F63 /* Metal.framework */,
				AEC234AC1B21C46BC4DE9F7C /* QtQmlModels.framework */,
				2C09240FB797023D5F79CFE1 /* QtQml.framework */,
				18CFABF71C171FAE2A3040D5 /* QtNetwork.framework */,
				1727BEE5EDB156C2EAA1A3FE /* QtXml.framework */,
				D9174D5194EFD5598963C1B2 /* QtCore.framework */,
				2B774D8E4178765CE52EAAF5 /* DiskArbitration.framework */,
				A1A67BEAA744704B29168D39 /* IOKit.framework */,
				D4B32C2222F82AC56BADEB21 /* OpenGL.framework */,
				8D9815BDB5BD9F90D2BC05C5 /* AGL.framework */,
			);
			name = Frameworks;
			sourceTree = "<group>";
		};
		B677A8E4299BDE59AA9216A3 /* app_icons */ = {
			isa = PBXGroup;
			children = (
				2E73314AEA5B116E2AC26044 /* icon.icns */,
			);
			name = app_icons;
			sourceTree = "<group>";
		};
		B8254625CFD509ED2A24A166 /* Sources [moc_predefs] */ = {
			isa = PBXGroup;
			children = (
				3FAFB55263CAE0EC41CDB75E /* dummy.cpp */,
			);
			name = "Sources [moc_predefs]";
			sourceTree = "<group>";
		};
		E8C543AB96796ECAA2E65C57 /* Pilorama */ = {
			isa = PBXGroup;
			children = (
				2EB56BE3C2D93CDAB0C52E67 /* Sources */,
				25B08E2869634E9BCBA333A2 /* Generated Sources */,
				87DF60DE337FB58864343E39 /* Resources */,
				B8254625CFD509ED2A24A166 /* Sources [moc_predefs] */,
				74B182DB50CB5611B5C1C297 /* Supporting Files */,
				AF39DD055C3EF8226FBE929D /* Frameworks */,
				FE0A091FDBFB3E9C31B7A1BD /* Products */,
			);
			name = Pilorama;
			sourceTree = "<group>";
		};
		EA0B69EA46956A37AAD823FB /* assets */ = {
			isa = PBXGroup;
			children = (
				B677A8E4299BDE59AA9216A3 /* app_icons */,
			);
			name = assets;
			sourceTree = "<group>";
		};
		FE0A091FDBFB3E9C31B7A1BD /* Products */ = {
			isa = PBXGroup;
			children = (
				EB2A51D7641BA6EF672B4706 /* Pilorama.app */,
			);
			name = Products;
			sourceTree = "<group>";
		};
/* End PBXGroup section */

/* Begin PBXNativeTarget section */
		0A5FA6955FB0952497A7FDE7 /* Pilorama */ = {
			isa = PBXNativeTarget;
			buildConfigurationList = 6CC3B5D2136C7CD6A5CF5A59 /* Build configuration list for PBXNativeTarget "Pilorama" */;
			buildPhases = (
				F7E50F631C51CD5B5DC0BC43 /* Compile Sources */,
				D1C883685E82D5676953459A /* Link Binary With Libraries */,
				30414803F31797EB689AE508 /* Copy Bundle Resources */,
				99542592E9780B9225F24AA8 /* Embed Frameworks */,
			);
			buildRules = (
			);
			dependencies = (
				DE3D28FCF8CDE31B016F46DA /* PBXTargetDependency */,
			);
			name = Pilorama;
			productName = Pilorama;
			productReference = EB2A51D7641BA6EF672B4706 /* Pilorama.app */;
			productType = "com.apple.product-type.application";
		};
/* End PBXNativeTarget section */

/* Begin PBXProject section */
		6DB9C3763D02B1415CD9D565 /* Project object */ = {
			isa = PBXProject;
			attributes = {
				LastUpgradeCheck = 1210;
			};
			buildConfigurationList = DAC4C1AA5EDEA1C85E9CA5E6 /* Build configuration list for PBXProject "Pilorama" */;
			compatibilityVersion = "Xcode 3.2";
			developmentRegion = en;
			hasScannedForEncodings = 1;
			knownRegions = (
				en,
				Base,
			);
			mainGroup = E8C543AB96796ECAA2E65C57 /* Pilorama */;
			productRefGroup = FE0A091FDBFB3E9C31B7A1BD /* Products */;
			projectDirPath = "";
			projectRoot = "";
			targets = (
				0A5FA6955FB0952497A7FDE7 /* Pilorama */,
				9B2D8155A3E6175D723CE72E /* Qt Preprocess */,
			);
		};
/* End PBXProject section */

/* Begin PBXResourcesBuildPhase section */
		30414803F31797EB689AE508 /* Copy Bundle Resources */ = {
			isa = PBXResourcesBuildPhase;
			buildActionMask = 2147483647;
			files = (
				A50CA63E2552AE0A00CA509E /* Images.xcassets in Copy Bundle Resources */,
			);
			name = "Copy Bundle Resources";
			runOnlyForDeploymentPostprocessing = 0;
		};
/* End PBXResourcesBuildPhase section */

/* Begin PBXShellScriptBuildPhase section */
		5E618435888B9D49F8540165 /* Qt Qmake */ = {
			isa = PBXShellScriptBuildPhase;
			buildActionMask = 2147483647;
			files = (
			);
			name = "Qt Qmake";
			runOnlyForDeploymentPostprocessing = 0;
			shellPath = /bin/sh;
			shellScript = "make -C /Users/Sergey/Projects/eplatonoff/pilorama/macos -f Pilorama.xcodeproj/qt_makeqmake.mak";
			showEnvVarsInLog = 0;
		};
		7EF0942E79C014DCEC8976BC /* Qt Preprocessors */ = {
			isa = PBXShellScriptBuildPhase;
			buildActionMask = 2147483647;
			files = (
			);
			name = "Qt Preprocessors";
			runOnlyForDeploymentPostprocessing = 0;
			shellPath = /bin/sh;
			shellScript = "make -C /Users/Sergey/Projects/eplatonoff/pilorama/macos -f Pilorama.xcodeproj/qt_preprocess.mak";
			showEnvVarsInLog = 0;
		};
/* End PBXShellScriptBuildPhase section */

/* Begin PBXSourcesBuildPhase section */
		F7E50F631C51CD5B5DC0BC43 /* Compile Sources */ = {
			isa = PBXSourcesBuildPhase;
			buildActionMask = 2147483647;
			files = (
				BEE3960247072D932231C4BC /* main.cpp in Compile Sources */,
				51F818AFE84F5C7B232AF889 /* piloramatimer.cpp in Compile Sources */,
				F5905CE47BC3078928E4D431 /* trayimageprovider.cpp in Compile Sources */,
				F70062A719555682867F179A /* appnap.mm in Compile Sources */,
				2ABA1C7F843E352882CA9488 /* qrc_qml.cpp in Compile Sources */,
				8CC6966700FCA4EB4C88A39E /* moc_piloramatimer.cpp in Compile Sources */,
				75A5D56CBEE97D0E69C90FCD /* dummy.cpp in Compile Sources */,
			);
			name = "Compile Sources";
			runOnlyForDeploymentPostprocessing = 0;
		};
/* End PBXSourcesBuildPhase section */

/* Begin PBXTargetDependency section */
		DE3D28FCF8CDE31B016F46DA /* PBXTargetDependency */ = {
			isa = PBXTargetDependency;
			target = 9B2D8155A3E6175D723CE72E /* Qt Preprocess */;
			targetProxy = A50CA6382552AD8800CA509E /* PBXContainerItemProxy */;
		};
/* End PBXTargetDependency section */

/* Begin XCBuildConfiguration section */
		339EE1B2CC4FC24589A0EA95 /* Release */ = {
			isa = XCBuildConfiguration;
			buildSettings = {
				APPLICATION_EXTENSION_API_ONLY = NO;
				"ARCHS[sdk=macosx*]" = x86_64;
				CC = /Applications/Xcode.app/Contents/Developer/Toolchains/XcodeDefault.xctoolchain/usr/bin/clang;
				CLANG_WARN_BLOCK_CAPTURE_AUTORELEASING = YES;
				CLANG_WARN_BOOL_CONVERSION = YES;
				CLANG_WARN_COMMA = YES;
				CLANG_WARN_CONSTANT_CONVERSION = YES;
				CLANG_WARN_DEPRECATED_OBJC_IMPLEMENTATIONS = YES;
				CLANG_WARN_EMPTY_BODY = YES;
				CLANG_WARN_ENUM_CONVERSION = YES;
				CLANG_WARN_INFINITE_RECURSION = YES;
				CLANG_WARN_INT_CONVERSION = YES;
				CLANG_WARN_NON_LITERAL_NULL_CONVERSION = YES;
				CLANG_WARN_OBJC_IMPLICIT_RETAIN_SELF = YES;
				CLANG_WARN_OBJC_LITERAL_CONVERSION = YES;
				CLANG_WARN_QUOTED_INCLUDE_IN_FRAMEWORK_HEADER = YES;
				CLANG_WARN_RANGE_LOOP_ANALYSIS = YES;
				CLANG_WARN_STRICT_PROTOTYPES = YES;
				CLANG_WARN_SUSPICIOUS_MOVE = YES;
				CLANG_WARN_UNREACHABLE_CODE = YES;
				CLANG_WARN__DUPLICATE_METHOD_MATCH = YES;
				COPY_PHASE_STRIP = NO;
				DYLIB_COMPATIBILITY_VERSION = 3.0;
				DYLIB_CURRENT_VERSION = 3.0.2;
				ENABLE_BITCODE = NO;
				ENABLE_STRICT_OBJC_MSGSEND = YES;
				FRAMEWORK_SEARCH_PATHS = (
					/usr/local/Cellar/qt/5.15.1/lib,
					/usr/local/Cellar/qt/5.15.1/lib,
				);
				GCC_NO_COMMON_BLOCKS = YES;
				GCC_VERSION = com.apple.compilers.llvm.clang.1_0;
				GCC_WARN_64_TO_32_BIT_CONVERSION = YES;
				GCC_WARN_ABOUT_RETURN_TYPE = YES;
				GCC_WARN_UNDECLARED_SELECTOR = YES;
				GCC_WARN_UNINITIALIZED_AUTOS = YES;
				GCC_WARN_UNUSED_FUNCTION = YES;
				GCC_WARN_UNUSED_VARIABLE = YES;
				HEADER_SEARCH_PATHS = (
					../src,
					.,
					/usr/local/Cellar/qt/5.15.1/lib/QtQuick.framework/Headers,
					/usr/local/Cellar/qt/5.15.1/lib/QtSvg.framework/Headers,
					/usr/local/Cellar/qt/5.15.1/lib/QtWidgets.framework/Headers,
					/usr/local/Cellar/qt/5.15.1/lib/QtGui.framework/Headers,
					/usr/local/Cellar/qt/5.15.1/lib/QtQmlModels.framework/Headers,
					/usr/local/Cellar/qt/5.15.1/lib/QtQml.framework/Headers,
					/usr/local/Cellar/qt/5.15.1/lib/QtNetwork.framework/Headers,
					/usr/local/Cellar/qt/5.15.1/lib/QtXml.framework/Headers,
					/usr/local/Cellar/qt/5.15.1/lib/QtCore.framework/Headers,
					.,
					/Applications/Xcode.app/Contents/Developer/Platforms/MacOSX.platform/Developer/SDKs/MacOSX10.15.sdk/System/Library/Frameworks/OpenGL.framework/Headers,
					/Applications/Xcode.app/Contents/Developer/Platforms/MacOSX.platform/Developer/SDKs/MacOSX10.15.sdk/System/Library/Frameworks/AGL.framework/Headers,
					"/usr/local/Cellar/qt/5.15.1/mkspecs/macx-clang",
				);
				INFOPLIST_FILE = Info.plist;
				LDPLUSPLUS = "/Applications/Xcode.app/Contents/Developer/Toolchains/XcodeDefault.xctoolchain/usr/bin/clang++";
				LIBRARY_SEARCH_PATHS = (
					/System/Library/Frameworks/,
					/usr/local/Cellar/qt/5.15.1/lib,
				);
				MACOSX_DEPLOYMENT_TARGET = 10.13;
				OTHER_CFLAGS = (
					"-pipe",
					"-O2",
					"-Wall",
					"-Wextra",
					"-fPIC",
					"-DQT_DEPRECATED_WARNINGS",
					"-DAPP_VERSION=\\\"3.0.2\\\"",
					"-DQT_NO_DEBUG",
					"-DQT_QUICK_LIB",
					"-DQT_SVG_LIB",
					"-DQT_WIDGETS_LIB",
					"-DQT_GUI_LIB",
					"-DQT_QMLMODELS_LIB",
					"-DQT_QML_LIB",
					"-DQT_NETWORK_LIB",
					"-DQT_XML_LIB",
					"-DQT_CORE_LIB",
				);
				OTHER_CPLUSPLUSFLAGS = (
					"-pipe",
					"-stdlib=libc++",
					"-O2",
					"-std=gnu++1z",
					"-Wall",
					"-Wextra",
					"-fPIC",
					"-DQT_DEPRECATED_WARNINGS",
					"-DAPP_VERSION=\\\"3.0.2\\\"",
					"-DQT_NO_DEBUG",
					"-DQT_QUICK_LIB",
					"-DQT_SVG_LIB",
					"-DQT_WIDGETS_LIB",
					"-DQT_GUI_LIB",
					"-DQT_QMLMODELS_LIB",
					"-DQT_QML_LIB",
					"-DQT_NETWORK_LIB",
					"-DQT_XML_LIB",
					"-DQT_CORE_LIB",
				);
				OTHER_LDFLAGS = (
					"-stdlib=libc++",
					"-headerpad_max_install_names",
					"-Wl,-rpath,@executable_path/../Frameworks",
					"-F/usr/local/Cellar/qt/5.15.1/lib",
				);
				PRODUCT_BUNDLE_IDENTIFIER = "com.sigonna.opensource.${PRODUCT_NAME:rfc1034identifier}";
				PRODUCT_NAME = Pilorama;
				QMAKE_FULL_VERSION = 3.0.2;
				QMAKE_PKGINFO_TYPEINFO = "????";
				QMAKE_SHORT_VERSION = 3.0;
				QT_LIBRARY_SUFFIX = "";
				SDKROOT = macosx;
				SYMROOT = "$(PROJECT_DIR)";
			};
			name = Release;
		};
		3AA6C32AC930069E80220CF1 /* Debug */ = {
			isa = XCBuildConfiguration;
			buildSettings = {
				APPLICATION_EXTENSION_API_ONLY = NO;
				"ARCHS[sdk=macosx*]" = x86_64;
				CC = /Applications/Xcode.app/Contents/Developer/Toolchains/XcodeDefault.xctoolchain/usr/bin/clang;
				CLANG_WARN_BLOCK_CAPTURE_AUTORELEASING = YES;
				CLANG_WARN_BOOL_CONVERSION = YES;
				CLANG_WARN_COMMA = YES;
				CLANG_WARN_CONSTANT_CONVERSION = YES;
				CLANG_WARN_DEPRECATED_OBJC_IMPLEMENTATIONS = YES;
				CLANG_WARN_EMPTY_BODY = YES;
				CLANG_WARN_ENUM_CONVERSION = YES;
				CLANG_WARN_INFINITE_RECURSION = YES;
				CLANG_WARN_INT_CONVERSION = YES;
				CLANG_WARN_NON_LITERAL_NULL_CONVERSION = YES;
				CLANG_WARN_OBJC_IMPLICIT_RETAIN_SELF = YES;
				CLANG_WARN_OBJC_LITERAL_CONVERSION = YES;
				CLANG_WARN_QUOTED_INCLUDE_IN_FRAMEWORK_HEADER = YES;
				CLANG_WARN_RANGE_LOOP_ANALYSIS = YES;
				CLANG_WARN_STRICT_PROTOTYPES = YES;
				CLANG_WARN_SUSPICIOUS_MOVE = YES;
				CLANG_WARN_UNREACHABLE_CODE = YES;
				CLANG_WARN__DUPLICATE_METHOD_MATCH = YES;
				COPY_PHASE_STRIP = NO;
				DYLIB_COMPATIBILITY_VERSION = 3.0;
				DYLIB_CURRENT_VERSION = 3.0.2;
				ENABLE_BITCODE = NO;
				ENABLE_STRICT_OBJC_MSGSEND = YES;
				ENABLE_TESTABILITY = YES;
				FRAMEWORK_SEARCH_PATHS = (
					/usr/local/Cellar/qt/5.15.1/lib,
					/usr/local/Cellar/qt/5.15.1/lib,
				);
				GCC_NO_COMMON_BLOCKS = YES;
				GCC_OPTIMIZATION_LEVEL = 0;
				GCC_VERSION = com.apple.compilers.llvm.clang.1_0;
				GCC_WARN_64_TO_32_BIT_CONVERSION = YES;
				GCC_WARN_ABOUT_RETURN_TYPE = YES;
				GCC_WARN_UNDECLARED_SELECTOR = YES;
				GCC_WARN_UNINITIALIZED_AUTOS = YES;
				GCC_WARN_UNUSED_FUNCTION = YES;
				GCC_WARN_UNUSED_VARIABLE = YES;
				HEADER_SEARCH_PATHS = (
					../src,
					.,
					/usr/local/Cellar/qt/5.15.1/lib/QtQuick.framework/Headers,
					/usr/local/Cellar/qt/5.15.1/lib/QtSvg.framework/Headers,
					/usr/local/Cellar/qt/5.15.1/lib/QtWidgets.framework/Headers,
					/usr/local/Cellar/qt/5.15.1/lib/QtGui.framework/Headers,
					/usr/local/Cellar/qt/5.15.1/lib/QtQmlModels.framework/Headers,
					/usr/local/Cellar/qt/5.15.1/lib/QtQml.framework/Headers,
					/usr/local/Cellar/qt/5.15.1/lib/QtNetwork.framework/Headers,
					/usr/local/Cellar/qt/5.15.1/lib/QtXml.framework/Headers,
					/usr/local/Cellar/qt/5.15.1/lib/QtCore.framework/Headers,
					.,
					/Applications/Xcode.app/Contents/Developer/Platforms/MacOSX.platform/Developer/SDKs/MacOSX10.15.sdk/System/Library/Frameworks/OpenGL.framework/Headers,
					/Applications/Xcode.app/Contents/Developer/Platforms/MacOSX.platform/Developer/SDKs/MacOSX10.15.sdk/System/Library/Frameworks/AGL.framework/Headers,
					"/usr/local/Cellar/qt/5.15.1/mkspecs/macx-clang",
				);
				INFOPLIST_FILE = Info.plist;
				LDPLUSPLUS = "/Applications/Xcode.app/Contents/Developer/Toolchains/XcodeDefault.xctoolchain/usr/bin/clang++";
				LIBRARY_SEARCH_PATHS = (
					/System/Library/Frameworks/,
					/usr/local/Cellar/qt/5.15.1/lib,
				);
				MACOSX_DEPLOYMENT_TARGET = 10.13;
				ONLY_ACTIVE_ARCH = YES;
				OTHER_CFLAGS = (
					"-pipe",
					"-O2",
					"-Wall",
					"-Wextra",
					"-fPIC",
					"-DQT_DEPRECATED_WARNINGS",
					"-DAPP_VERSION=\\\"3.0.2\\\"",
					"-DQT_NO_DEBUG",
					"-DQT_QUICK_LIB",
					"-DQT_SVG_LIB",
					"-DQT_WIDGETS_LIB",
					"-DQT_GUI_LIB",
					"-DQT_QMLMODELS_LIB",
					"-DQT_QML_LIB",
					"-DQT_NETWORK_LIB",
					"-DQT_XML_LIB",
					"-DQT_CORE_LIB",
				);
				OTHER_CPLUSPLUSFLAGS = (
					"-pipe",
					"-stdlib=libc++",
					"-O2",
					"-std=gnu++1z",
					"-Wall",
					"-Wextra",
					"-fPIC",
					"-DQT_DEPRECATED_WARNINGS",
					"-DAPP_VERSION=\\\"3.0.2\\\"",
					"-DQT_NO_DEBUG",
					"-DQT_QUICK_LIB",
					"-DQT_SVG_LIB",
					"-DQT_WIDGETS_LIB",
					"-DQT_GUI_LIB",
					"-DQT_QMLMODELS_LIB",
					"-DQT_QML_LIB",
					"-DQT_NETWORK_LIB",
					"-DQT_XML_LIB",
					"-DQT_CORE_LIB",
				);
				OTHER_LDFLAGS = (
					"-stdlib=libc++",
					"-headerpad_max_install_names",
					"-Wl,-rpath,@executable_path/../Frameworks",
					"-F/usr/local/Cellar/qt/5.15.1/lib",
				);
				PRODUCT_BUNDLE_IDENTIFIER = "com.sigonna.opensource.${PRODUCT_NAME:rfc1034identifier}";
				PRODUCT_NAME = Pilorama;
				QMAKE_FULL_VERSION = 3.0.2;
				QMAKE_PKGINFO_TYPEINFO = "????";
				QMAKE_SHORT_VERSION = 3.0;
				QT_LIBRARY_SUFFIX = "";
				SDKROOT = macosx;
				SYMROOT = "$(PROJECT_DIR)";
			};
			name = Debug;
		};
		6666AA5E688052234F6758D8 /* Release */ = {
			isa = XCBuildConfiguration;
			buildSettings = {
				APPLICATION_EXTENSION_API_ONLY = NO;
				"ARCHS[sdk=macosx*]" = x86_64;
				ASSETCATALOG_COMPILER_APPICON_NAME = AppIcon;
				CLANG_ENABLE_OBJC_WEAK = YES;
				CODE_SIGN_IDENTITY = "-";
				COPY_PHASE_STRIP = NO;
				CURRENT_PROJECT_VERSION = 4;
				ENABLE_BITCODE = NO;
				MARKETING_VERSION = 3.0.4;
				PRODUCT_BUNDLE_IDENTIFIER = "com.sigonna.opensource.${PRODUCT_NAME:rfc1034identifier}";
				PRODUCT_NAME = Pilorama;
				QMAKE_FULL_VERSION = 3.0.2;
				QMAKE_PKGINFO_TYPEINFO = "????";
				QMAKE_SHORT_VERSION = 3.0;
				QT_LIBRARY_SUFFIX = "";
				SDKROOT = macosx;
			};
			name = Release;
		};
		77418F46922677BB04ED38DD /* Debug */ = {
			isa = XCBuildConfiguration;
			buildSettings = {
				APPLICATION_EXTENSION_API_ONLY = NO;
				"ARCHS[sdk=macosx*]" = x86_64;
				ASSETCATALOG_COMPILER_APPICON_NAME = AppIcon;
				CLANG_ENABLE_OBJC_WEAK = YES;
				CODE_SIGN_IDENTITY = "-";
				COPY_PHASE_STRIP = NO;
				CURRENT_PROJECT_VERSION = 4;
				ENABLE_BITCODE = NO;
				GCC_OPTIMIZATION_LEVEL = 0;
				MARKETING_VERSION = 3.0.4;
				ONLY_ACTIVE_ARCH = YES;
				PRODUCT_BUNDLE_IDENTIFIER = "com.sigonna.opensource.${PRODUCT_NAME:rfc1034identifier}";
				PRODUCT_NAME = Pilorama;
				QMAKE_FULL_VERSION = 3.0.2;
				QMAKE_PKGINFO_TYPEINFO = "????";
				QMAKE_SHORT_VERSION = 3.0;
				QT_LIBRARY_SUFFIX = "";
				SDKROOT = macosx;
			};
			name = Debug;
		};
/* End XCBuildConfiguration section */

/* Begin XCConfigurationList section */
		6CC3B5D2136C7CD6A5CF5A59 /* Build configuration list for PBXNativeTarget "Pilorama" */ = {
			isa = XCConfigurationList;
			buildConfigurations = (
				77418F46922677BB04ED38DD /* Debug */,
				6666AA5E688052234F6758D8 /* Release */,
			);
			defaultConfigurationIsVisible = 0;
			defaultConfigurationName = Release;
		};
		DAC4C1AA5EDEA1C85E9CA5E6 /* Build configuration list for PBXProject "Pilorama" */ = {
			isa = XCConfigurationList;
			buildConfigurations = (
				3AA6C32AC930069E80220CF1 /* Debug */,
				339EE1B2CC4FC24589A0EA95 /* Release */,
			);
			defaultConfigurationIsVisible = 0;
			defaultConfigurationName = Release;
		};
/* End XCConfigurationList section */
	};
	rootObject = 6DB9C3763D02B1415CD9D565 /* Project object */;
}
